
Microsoft Visual Studio Solution File, Format Version 12.00
# Visual Studio 15
VisualStudioVersion = 15.0.28307.1433
MinimumVisualStudioVersion = 10.0.40219.1
Project("{F184B08F-C81C-45F6-A57F-5ABD9991F28F}") = "PlaceToPaySOAP", "PlaceToPaySOAP\PlaceToPaySOAP.vbproj", "{32AAFEFF-D8FD-4F5A-9A2C-BA241A063C2F}"
EndProject
Global
	GlobalSection(SolutionConfigurationPlatforms) = preSolution
		Debug|Any CPU = Debug|Any CPU
		Release|Any CPU = Release|Any CPU
	EndGlobalSection
	GlobalSection(ProjectConfigurationPlatforms) = postSolution
		{32AAFEFF-D8FD-4F5A-9A2C-BA241A063C2F}.Debug|Any CPU.ActiveCfg = Debug|Any CPU
		{32AAFEFF-D8FD-4F5A-9A2C-BA241A063C2F}.Debug|Any CPU.Build.0 = Debug|Any CPU
		{32AAFEFF-D8FD-4F5A-9A2C-BA241A063C2F}.Release|Any CPU.ActiveCfg = Release|Any CPU
		{32AAFEFF-D8FD-4F5A-9A2C-BA241A063C2F}.Release|Any CPU.Build.0 = Release|Any CPU
	EndGlobalSection
	GlobalSection(SolutionProperties) = preSolution
		HideSolutionNode = FALSE
	EndGlobalSection
	GlobalSection(ExtensibilityGlobals) = postSolution
		SolutionGuid = {F3CD28F3-A353-49FA-90C9-C531C8CE6E9B}
	EndGlobalSection
EndGlobal
